
Microsoft Visual Studio Solution File, Format Version 12.00
# Visual Studio Version 16
VisualStudioVersion = 16.0.31019.35
MinimumVisualStudioVersion = 10.0.40219.1
Project("{FAE04EC0-301F-11D3-BF4B-00C04F79EFBC}") = "Deliverable1", "Deliverable 1\Deliverable1.csproj", "{C6F0898B-BE18-42E9-A406-5B3562A2F13F}"
EndProject
Global
	GlobalSection(SolutionConfigurationPlatforms) = preSolution
		Debug|Any CPU = Debug|Any CPU
		Release|Any CPU = Release|Any CPU
	EndGlobalSection
	GlobalSection(ProjectConfigurationPlatforms) = postSolution
		{C6F0898B-BE18-42E9-A406-5B3562A2F13F}.Debug|Any CPU.ActiveCfg = Debug|Any CPU
		{C6F0898B-BE18-42E9-A406-5B3562A2F13F}.Debug|Any CPU.Build.0 = Debug|Any CPU
		{C6F0898B-BE18-42E9-A406-5B3562A2F13F}.Release|Any CPU.ActiveCfg = Release|Any CPU
		{C6F0898B-BE18-42E9-A406-5B3562A2F13F}.Release|Any CPU.Build.0 = Release|Any CPU
	EndGlobalSection
	GlobalSection(SolutionProperties) = preSolution
		HideSolutionNode = FALSE
	EndGlobalSection
	GlobalSection(ExtensibilityGlobals) = postSolution
		SolutionGuid = {4F23C29E-A3DC-4409-8829-33D865F66014}
	EndGlobalSection
EndGlobal
